
Microsoft Visual Studio Solution File, Format Version 12.00
# Visual Studio Version 16
VisualStudioVersion = 16.0.29924.181
MinimumVisualStudioVersion = 10.0.40219.1
Project("{FAE04EC0-301F-11D3-BF4B-00C04F79EFBC}") = "ValidateJWTApp", "ValidateJWTApp\ValidateJWTApp.csproj", "{B633B87E-19E6-4612-B100-ACBB0979ADAF}"
EndProject
Global
	GlobalSection(SolutionConfigurationPlatforms) = preSolution
		Debug|Any CPU = Debug|Any CPU
		Release|Any CPU = Release|Any CPU
	EndGlobalSection
	GlobalSection(ProjectConfigurationPlatforms) = postSolution
		{B633B87E-19E6-4612-B100-ACBB0979ADAF}.Debug|Any CPU.ActiveCfg = Debug|Any CPU
		{B633B87E-19E6-4612-B100-ACBB0979ADAF}.Debug|Any CPU.Build.0 = Debug|Any CPU
		{B633B87E-19E6-4612-B100-ACBB0979ADAF}.Release|Any CPU.ActiveCfg = Release|Any CPU
		{B633B87E-19E6-4612-B100-ACBB0979ADAF}.Release|Any CPU.Build.0 = Release|Any CPU
	EndGlobalSection
	GlobalSection(SolutionProperties) = preSolution
		HideSolutionNode = FALSE
	EndGlobalSection
	GlobalSection(ExtensibilityGlobals) = postSolution
		SolutionGuid = {95FB8614-D63B-4B65-BB6A-4DBFD86899D1}
	EndGlobalSection
EndGlobal
